// !$*UTF8*$!
{
	archiveVersion = 1;
	classes = {
	};
	objectVersion = 50;
	objects = {

/* Begin PBXBuildFile section */
		18DC9D2922B0DE5A0039BDD8 /* AppDelegate.swift in Sources */ = {isa = PBXBuildFile; fileRef = 18DC9D2822B0DE5A0039BDD8 /* AppDelegate.swift */; };
		18DC9D2B22B0DE5A0039BDD8 /* ViewController.swift in Sources */ = {isa = PBXBuildFile; fileRef = 18DC9D2A22B0DE5A0039BDD8 /* ViewController.swift */; };
		18DC9D2E22B0DE5A0039BDD8 /* Main.storyboard in Resources */ = {isa = PBXBuildFile; fileRef = 18DC9D2C22B0DE5A0039BDD8 /* Main.storyboard */; };
		18DC9D3022B0DE5C0039BDD8 /* Assets.xcassets in Resources */ = {isa = PBXBuildFile; fileRef = 18DC9D2F22B0DE5C0039BDD8 /* Assets.xcassets */; };
		18DC9D3322B0DE5C0039BDD8 /* LaunchScreen.storyboard in Resources */ = {isa = PBXBuildFile; fileRef = 18DC9D3122B0DE5C0039BDD8 /* LaunchScreen.storyboard */; };
		18DC9D3E22B0DE5C0039BDD8 /* swift_struct_demoTests.swift in Sources */ = {isa = PBXBuildFile; fileRef = 18DC9D3D22B0DE5C0039BDD8 /* swift_struct_demoTests.swift */; };
		18DC9D4922B0DE5C0039BDD8 /* swift_struct_demoUITests.swift in Sources */ = {isa = PBXBuildFile; fileRef = 18DC9D4822B0DE5C0039BDD8 /* swift_struct_demoUITests.swift */; };
/* End PBXBuildFile section */

/* Begin PBXContainerItemProxy section */
		18DC9D3A22B0DE5C0039BDD8 /* PBXContainerItemProxy */ = {
			isa = PBXContainerItemProxy;
			containerPortal = 18DC9D1D22B0DE5A0039BDD8 /* Project object */;
			proxyType = 1;
			remoteGlobalIDString = 18DC9D2422B0DE5A0039BDD8;
			remoteInfo = "swift-struct-demo";
		};
		18DC9D4522B0DE5C0039BDD8 /* PBXContainerItemProxy */ = {
			isa = PBXContainerItemProxy;
			containerPortal = 18DC9D1D22B0DE5A0039BDD8 /* Project object */;
			proxyType = 1;
			remoteGlobalIDString = 18DC9D2422B0DE5A0039BDD8;
			remoteInfo = "swift-struct-demo";
		};
/* End PBXContainerItemProxy section */

/* Begin PBXFileReference section */
		18DC9D2522B0DE5A0039BDD8 /* swift-struct-demo.app */ = {isa = PBXFileReference; explicitFileType = wrapper.application; includeInIndex = 0; path = "swift-struct-demo.app"; sourceTree = BUILT_PRODUCTS_DIR; };
		18DC9D2822B0DE5A0039BDD8 /* AppDelegate.swift */ = {isa = PBXFileReference; lastKnownFileType = sourcecode.swift; path = AppDelegate.swift; sourceTree = "<group>"; };
		18DC9D2A22B0DE5A0039BDD8 /* ViewController.swift */ = {isa = PBXFileReference; lastKnownFileType = sourcecode.swift; path = ViewController.swift; sourceTree = "<group>"; };
		18DC9D2D22B0DE5A0039BDD8 /* Base */ = {isa = PBXFileReference; lastKnownFileType = file.storyboard; name = Base; path = Base.lproj/Main.storyboard; sourceTree = "<group>"; };
		18DC9D2F22B0DE5C0039BDD8 /* Assets.xcassets */ = {isa = PBXFileReference; lastKnownFileType = folder.assetcatalog; path = Assets.xcassets; sourceTree = "<group>"; };
		18DC9D3222B0DE5C0039BDD8 /* Base */ = {isa = PBXFileReference; lastKnownFileType = file.storyboard; name = Base; path = Base.lproj/LaunchScreen.storyboard; sourceTree = "<group>"; };
		18DC9D3422B0DE5C0039BDD8 /* Info.plist */ = {isa = PBXFileReference; lastKnownFileType = text.plist.xml; path = Info.plist; sourceTree = "<group>"; };
		18DC9D3922B0DE5C0039BDD8 /* swift-struct-demoTests.xctest */ = {isa = PBXFileReference; explicitFileType = wrapper.cfbundle; includeInIndex = 0; path = "swift-struct-demoTests.xctest"; sourceTree = BUILT_PRODUCTS_DIR; };
		18DC9D3D22B0DE5C0039BDD8 /* swift_struct_demoTests.swift */ = {isa = PBXFileReference; lastKnownFileType = sourcecode.swift; path = swift_struct_demoTests.swift; sourceTree = "<group>"; };
		18DC9D3F22B0DE5C0039BDD8 /* Info.plist */ = {isa = PBXFileReference; lastKnownFileType = text.plist.xml; path = Info.plist; sourceTree = "<group>"; };
		18DC9D4422B0DE5C0039BDD8 /* swift-struct-demoUITests.xctest */ = {isa = PBXFileReference; explicitFileType = wrapper.cfbundle; includeInIndex = 0; path = "swift-struct-demoUITests.xctest"; sourceTree = BUILT_PRODUCTS_DIR; };
		18DC9D4822B0DE5C0039BDD8 /* swift_struct_demoUITests.swift */ = {isa = PBXFileReference; lastKnownFileType = sourcecode.swift; path = swift_struct_demoUITests.swift; sourceTree = "<group>"; };
		18DC9D4A22B0DE5C0039BDD8 /* Info.plist */ = {isa = PBXFileReference; lastKnownFileType = text.plist.xml; path = Info.plist; sourceTree = "<group>"; };
/* End PBXFileReference section */

/* Begin PBXFrameworksBuildPhase section */
		18DC9D2222B0DE5A0039BDD8 /* Frameworks */ = {
			isa = PBXFrameworksBuildPhase;
			buildActionMask = 2147483647;
			files = (
			);
			runOnlyForDeploymentPostprocessing = 0;
		};
		18DC9D3622B0DE5C0039BDD8 /* Frameworks */ = {
			isa = PBXFrameworksBuildPhase;
			buildActionMask = 2147483647;
			files = (
			);
			runOnlyForDeploymentPostprocessing = 0;
		};
		18DC9D4122B0DE5C0039BDD8 /* Frameworks */ = {
			isa = PBXFrameworksBuildPhase;
			buildActionMask = 2147483647;
			files = (
			);
			runOnlyForDeploymentPostprocessing = 0;
		};
/* End PBXFrameworksBuildPhase section */

/* Begin PBXGroup section */
		18DC9D1C22B0DE5A0039BDD8 = {
			isa = PBXGroup;
			children = (
				18DC9D2722B0DE5A0039BDD8 /* swift-struct-demo */,
				18DC9D3C22B0DE5C0039BDD8 /* swift-struct-demoTests */,
				18DC9D4722B0DE5C0039BDD8 /* swift-struct-demoUITests */,
				18DC9D2622B0DE5A0039BDD8 /* Products */,
			);
			sourceTree = "<group>";
		};
		18DC9D2622B0DE5A0039BDD8 /* Products */ = {
			isa = PBXGroup;
			children = (
				18DC9D2522B0DE5A0039BDD8 /* swift-struct-demo.app */,
				18DC9D3922B0DE5C0039BDD8 /* swift-struct-demoTests.xctest */,
				18DC9D4422B0DE5C0039BDD8 /* swift-struct-demoUITests.xctest */,
			);
			name = Products;
			sourceTree = "<group>";
		};
		18DC9D2722B0DE5A0039BDD8 /* swift-struct-demo */ = {
			isa = PBXGroup;
			children = (
				18DC9D2822B0DE5A0039BDD8 /* AppDelegate.swift */,
				18DC9D2A22B0DE5A0039BDD8 /* ViewController.swift */,
				18DC9D2C22B0DE5A0039BDD8 /* Main.storyboard */,
				18DC9D2F22B0DE5C0039BDD8 /* Assets.xcassets */,
				18DC9D3122B0DE5C0039BDD8 /* LaunchScreen.storyboard */,
				18DC9D3422B0DE5C0039BDD8 /* Info.plist */,
			);
			path = "swift-struct-demo";
			sourceTree = "<group>";
		};
		18DC9D3C22B0DE5C0039BDD8 /* swift-struct-demoTests */ = {
			isa = PBXGroup;
			children = (
				18DC9D3D22B0DE5C0039BDD8 /* swift_struct_demoTests.swift */,
				18DC9D3F22B0DE5C0039BDD8 /* Info.plist */,
			);
			path = "swift-struct-demoTests";
			sourceTree = "<group>";
		};
		18DC9D4722B0DE5C0039BDD8 /* swift-struct-demoUITests */ = {
			isa = PBXGroup;
			children = (
				18DC9D4822B0DE5C0039BDD8 /* swift_struct_demoUITests.swift */,
				18DC9D4A22B0DE5C0039BDD8 /* Info.plist */,
			);
			path = "swift-struct-demoUITests";
			sourceTree = "<group>";
		};
/* End PBXGroup section */

/* Begin PBXNativeTarget section */
		18DC9D2422B0DE5A0039BDD8 /* swift-struct-demo */ = {
			isa = PBXNativeTarget;
			buildConfigurationList = 18DC9D4D22B0DE5C0039BDD8 /* Build configuration list for PBXNativeTarget "swift-struct-demo" */;
			buildPhases = (
				18DC9D2122B0DE5A0039BDD8 /* Sources */,
				18DC9D2222B0DE5A0039BDD8 /* Frameworks */,
				18DC9D2322B0DE5A0039BDD8 /* Resources */,
			);
			buildRules = (
			);
			dependencies = (
			);
			name = "swift-struct-demo";
			productName = "swift-struct-demo";
			productReference = 18DC9D2522B0DE5A0039BDD8 /* swift-struct-demo.app */;
			productType = "com.apple.product-type.application";
		};
		18DC9D3822B0DE5C0039BDD8 /* swift-struct-demoTests */ = {
			isa = PBXNativeTarget;
			buildConfigurationList = 18DC9D5022B0DE5C0039BDD8 /* Build configuration list for PBXNativeTarget "swift-struct-demoTests" */;
			buildPhases = (
				18DC9D3522B0DE5C0039BDD8 /* Sources */,
				18DC9D3622B0DE5C0039BDD8 /* Frameworks */,
				18DC9D3722B0DE5C0039BDD8 /* Resources */,
			);
			buildRules = (
			);
			dependencies = (
				18DC9D3B22B0DE5C0039BDD8 /* PBXTargetDependency */,
			);
			name = "swift-struct-demoTests";
			productName = "swift-struct-demoTests";
			productReference = 18DC9D3922B0DE5C0039BDD8 /* swift-struct-demoTests.xctest */;
			productType = "com.apple.product-type.bundle.unit-test";
		};
		18DC9D4322B0DE5C0039BDD8 /* swift-struct-demoUITests */ = {
			isa = PBXNativeTarget;
			buildConfigurationList = 18DC9D5322B0DE5C0039BDD8 /* Build configuration list for PBXNativeTarget "swift-struct-demoUITests" */;
			buildPhases = (
				18DC9D4022B0DE5C0039BDD8 /* Sources */,
				18DC9D4122B0DE5C0039BDD8 /* Frameworks */,
				18DC9D4222B0DE5C0039BDD8 /* Resources */,
			);
			buildRules = (
			);
			dependencies = (
				18DC9D4622B0DE5C0039BDD8 /* PBXTargetDependency */,
			);
			name = "swift-struct-demoUITests";
			productName = "swift-struct-demoUITests";
			productReference = 18DC9D4422B0DE5C0039BDD8 /* swift-struct-demoUITests.xctest */;
			productType = "com.apple.product-type.bundle.ui-testing";
		};
/* End PBXNativeTarget section */

/* Begin PBXProject section */
		18DC9D1D22B0DE5A0039BDD8 /* Project object */ = {
			isa = PBXProject;
			attributes = {
				LastSwiftUpdateCheck = 1010;
				LastUpgradeCheck = 1010;
				ORGANIZATIONNAME = wyy;
				TargetAttributes = {
					18DC9D2422B0DE5A0039BDD8 = {
						CreatedOnToolsVersion = 10.1;
					};
					18DC9D3822B0DE5C0039BDD8 = {
						CreatedOnToolsVersion = 10.1;
						TestTargetID = 18DC9D2422B0DE5A0039BDD8;
					};
					18DC9D4322B0DE5C0039BDD8 = {
						CreatedOnToolsVersion = 10.1;
						TestTargetID = 18DC9D2422B0DE5A0039BDD8;
					};
				};
			};
			buildConfigurationList = 18DC9D2022B0DE5A0039BDD8 /* Build configuration list for PBXProject "swift-struct-demo" */;
			compatibilityVersion = "Xcode 9.3";
			developmentRegion = en;
			hasScannedForEncodings = 0;
			knownRegions = (
				en,
				Base,
			);
			mainGroup = 18DC9D1C22B0DE5A0039BDD8;
			productRefGroup = 18DC9D2622B0DE5A0039BDD8 /* Products */;
			projectDirPath = "";
			projectRoot = "";
			targets = (
				18DC9D2422B0DE5A0039BDD8 /* swift-struct-demo */,
				18DC9D3822B0DE5C0039BDD8 /* swift-struct-demoTests */,
				18DC9D4322B0DE5C0039BDD8 /* swift-struct-demoUITests */,
			);
		};
/* End PBXProject section */

/* Begin PBXResourcesBuildPhase section */
		18DC9D2322B0DE5A0039BDD8 /* Resources */ = {
			isa = PBXResourcesBuildPhase;
			buildActionMask = 2147483647;
			files = (
				18DC9D3322B0DE5C0039BDD8 /* LaunchScreen.storyboard in Resources */,
				18DC9D3022B0DE5C0039BDD8 /* Assets.xcassets in Resources */,
				18DC9D2E22B0DE5A0039BDD8 /* Main.storyboard in Resources */,
			);
			runOnlyForDeploymentPostprocessing = 0;
		};
		18DC9D3722B0DE5C0039BDD8 /* Resources */ = {
			isa = PBXResourcesBuildPhase;
			buildActionMask = 2147483647;
			files = (
			);
			runOnlyForDeploymentPostprocessing = 0;
		};
		18DC9D4222B0DE5C0039BDD8 /* Resources */ = {
			isa = PBXResourcesBuildPhase;
			buildActionMask = 2147483647;
			files = (
			);
			runOnlyForDeploymentPostprocessing = 0;
		};
/* End PBXResourcesBuildPhase section */

/* Begin PBXSourcesBuildPhase section */
		18DC9D2122B0DE5A0039BDD8 /* Sources */ = {
			isa = PBXSourcesBuildPhase;
			buildActionMask = 2147483647;
			files = (
				18DC9D2B22B0DE5A0039BDD8 /* ViewController.swift in Sources */,
				18DC9D2922B0DE5A0039BDD8 /* AppDelegate.swift in Sources */,
			);
			runOnlyForDeploymentPostprocessing = 0;
		};
		18DC9D3522B0DE5C0039BDD8 /* Sources */ = {
			isa = PBXSourcesBuildPhase;
			buildActionMask = 2147483647;
			files = (
				18DC9D3E22B0DE5C0039BDD8 /* swift_struct_demoTests.swift in Sources */,
			);
			runOnlyForDeploymentPostprocessing = 0;
		};
		18DC9D4022B0DE5C0039BDD8 /* Sources */ = {
			isa = PBXSourcesBuildPhase;
			buildActionMask = 2147483647;
			files = (
				18DC9D4922B0DE5C0039BDD8 /* swift_struct_demoUITests.swift in Sources */,
			);
			runOnlyForDeploymentPostprocessing = 0;
		};
/* End PBXSourcesBuildPhase section */

/* Begin PBXTargetDependency section */
		18DC9D3B22B0DE5C0039BDD8 /* PBXTargetDependency */ = {
			isa = PBXTargetDependency;
			target = 18DC9D2422B0DE5A0039BDD8 /* swift-struct-demo */;
			targetProxy = 18DC9D3A22B0DE5C0039BDD8 /* PBXContainerItemProxy */;
		};
		18DC9D4622B0DE5C0039BDD8 /* PBXTargetDependency */ = {
			isa = PBXTargetDependency;
			target = 18DC9D2422B0DE5A0039BDD8 /* swift-struct-demo */;
			targetProxy = 18DC9D4522B0DE5C0039BDD8 /* PBXContainerItemProxy */;
		};
/* End PBXTargetDependency section */

/* Begin PBXVariantGroup section */
		18DC9D2C22B0DE5A0039BDD8 /* Main.storyboard */ = {
			isa = PBXVariantGroup;
			children = (
				18DC9D2D22B0DE5A0039BDD8 /* Base */,
			);
			name = Main.storyboard;
			sourceTree = "<group>";
		};
		18DC9D3122B0DE5C0039BDD8 /* LaunchScreen.storyboard */ = {
			isa = PBXVariantGroup;
			children = (
				18DC9D3222B0DE5C0039BDD8 /* Base */,
			);
			name = LaunchScreen.storyboard;
			sourceTree = "<group>";
		};
/* End PBXVariantGroup section */

/* Begin XCBuildConfiguration section */
		18DC9D4B22B0DE5C0039BDD8 /* Debug */ = {
			isa = XCBuildConfiguration;
			buildSettings = {
				ALWAYS_SEARCH_USER_PATHS = NO;
				CLANG_ANALYZER_NONNULL = YES;
				CLANG_ANALYZER_NUMBER_OBJECT_CONVERSION = YES_AGGRESSIVE;
				CLANG_CXX_LANGUAGE_STANDARD = "gnu++14";
				CLANG_CXX_LIBRARY = "libc++";
				CLANG_ENABLE_MODULES = YES;
				CLANG_ENABLE_OBJC_ARC = YES;
				CLANG_ENABLE_OBJC_WEAK = YES;
				CLANG_WARN_BLOCK_CAPTURE_AUTORELEASING = YES;
				CLANG_WARN_BOOL_CONVERSION = YES;
				CLANG_WARN_COMMA = YES;
				CLANG_WARN_CONSTANT_CONVERSION = YES;
				CLANG_WARN_DEPRECATED_OBJC_IMPLEMENTATIONS = YES;
				CLANG_WARN_DIRECT_OBJC_ISA_USAGE = YES_ERROR;
				CLANG_WARN_DOCUMENTATION_COMMENTS = YES;
				CLANG_WARN_EMPTY_BODY = YES;
				CLANG_WARN_ENUM_CONVERSION = YES;
				CLANG_WARN_INFINITE_RECURSION = YES;
				CLANG_WARN_INT_CONVERSION = YES;
				CLANG_WARN_NON_LITERAL_NULL_CONVERSION = YES;
				CLANG_WARN_OBJC_IMPLICIT_RETAIN_SELF = YES;
				CLANG_WARN_OBJC_LITERAL_CONVERSION = YES;
				CLANG_WARN_OBJC_ROOT_CLASS = YES_ERROR;
				CLANG_WARN_RANGE_LOOP_ANALYSIS = YES;
				CLANG_WARN_STRICT_PROTOTYPES = YES;
				CLANG_WARN_SUSPICIOUS_MOVE = YES;
				CLANG_WARN_UNGUARDED_AVAILABILITY = YES_AGGRESSIVE;
				CLANG_WARN_UNREACHABLE_CODE = YES;
				CLANG_WARN__DUPLICATE_METHOD_MATCH = YES;
				CODE_SIGN_IDENTITY = "iPhone Developer";
				COPY_PHASE_STRIP = NO;
				DEBUG_INFORMATION_FORMAT = dwarf;
				ENABLE_STRICT_OBJC_MSGSEND = YES;
				ENABLE_TESTABILITY = YES;
				GCC_C_LANGUAGE_STANDARD = gnu11;
				GCC_DYNAMIC_NO_PIC = NO;
				GCC_NO_COMMON_BLOCKS = YES;
				GCC_OPTIMIZATION_LEVEL = 0;
				GCC_PREPROCESSOR_DEFINITIONS = (
					"DEBUG=1",
					"$(inherited)",
				);
				GCC_WARN_64_TO_32_BIT_CONVERSION = YES;
				GCC_WARN_ABOUT_RETURN_TYPE = YES_ERROR;
				GCC_WARN_UNDECLARED_SELECTOR = YES;
				GCC_WARN_UNINITIALIZED_AUTOS = YES_AGGRESSIVE;
				GCC_WARN_UNUSED_FUNCTION = YES;
				GCC_WARN_UNUSED_VARIABLE = YES;
				IPHONEOS_DEPLOYMENT_TARGET = 12.1;
				MTL_ENABLE_DEBUG_INFO = INCLUDE_SOURCE;
				MTL_FAST_MATH = YES;
				ONLY_ACTIVE_ARCH = YES;
				SDKROOT = iphoneos;
				SWIFT_ACTIVE_COMPILATION_CONDITIONS = DEBUG;
				SWIFT_OPTIMIZATION_LEVEL = "-Onone";
			};
			name = Debug;
		};
		18DC9D4C22B0DE5C0039BDD8 /* Release */ = {
			isa = XCBuildConfiguration;
			buildSettings = {
				ALWAYS_SEARCH_USER_PATHS = NO;
				CLANG_ANALYZER_NONNULL = YES;
				CLANG_ANALYZER_NUMBER_OBJECT_CONVERSION = YES_AGGRESSIVE;
				CLANG_CXX_LANGUAGE_STANDARD = "gnu++14";
				CLANG_CXX_LIBRARY = "libc++";
				CLANG_ENABLE_MODULES = YES;
				CLANG_ENABLE_OBJC_ARC = YES;
				CLANG_ENABLE_OBJC_WEAK = YES;
				CLANG_WARN_BLOCK_CAPTURE_AUTORELEASING = YES;
				CLANG_WARN_BOOL_CONVERSION = YES;
				CLANG_WARN_COMMA = YES;
				CLANG_WARN_CONSTANT_CONVERSION = YES;
				CLANG_WARN_DEPRECATED_OBJC_IMPLEMENTATIONS = YES;
				CLANG_WARN_DIRECT_OBJC_ISA_USAGE = YES_ERROR;
				CLANG_WARN_DOCUMENTATION_COMMENTS = YES;
				CLANG_WARN_EMPTY_BODY = YES;
				CLANG_WARN_ENUM_CONVERSION = YES;
				CLANG_WARN_INFINITE_RECURSION = YES;
				CLANG_WARN_INT_CONVERSION = YES;
				CLANG_WARN_NON_LITERAL_NULL_CONVERSION = YES;
				CLANG_WARN_OBJC_IMPLICIT_RETAIN_SELF = YES;
				CLANG_WARN_OBJC_LITERAL_CONVERSION = YES;
				CLANG_WARN_OBJC_ROOT_CLASS = YES_ERROR;
				CLANG_WARN_RANGE_LOOP_ANALYSIS = YES;
				CLANG_WARN_STRICT_PROTOTYPES = YES;
				CLANG_WARN_SUSPICIOUS_MOVE = YES;
				CLANG_WARN_UNGUARDED_AVAILABILITY = YES_AGGRESSIVE;
				CLANG_WARN_UNREACHABLE_CODE = YES;
				CLANG_WARN__DUPLICATE_METHOD_MATCH = YES;
				CODE_SIGN_IDENTITY = "iPhone Developer";
				COPY_PHASE_STRIP = NO;
				DEBUG_INFORMATION_FORMAT = "dwarf-with-dsym";
				ENABLE_NS_ASSERTIONS = NO;
				ENABLE_STRICT_OBJC_MSGSEND = YES;
				GCC_C_LANGUAGE_STANDARD = gnu11;
				GCC_NO_COMMON_BLOCKS = YES;
				GCC_WARN_64_TO_32_BIT_CONVERSION = YES;
				GCC_WARN_ABOUT_RETURN_TYPE = YES_ERROR;
				GCC_WARN_UNDECLARED_SELECTOR = YES;
				GCC_WARN_UNINITIALIZED_AUTOS = YES_AGGRESSIVE;
				GCC_WARN_UNUSED_FUNCTION = YES;
				GCC_WARN_UNUSED_VARIABLE = YES;
				IPHONEOS_DEPLOYMENT_TARGET = 12.1;
				MTL_ENABLE_DEBUG_INFO = NO;
				MTL_FAST_MATH = YES;
				SDKROOT = iphoneos;
				SWIFT_COMPILATION_MODE = wholemodule;
				SWIFT_OPTIMIZATION_LEVEL = "-O";
				VALIDATE_PRODUCT = YES;
			};
			name = Release;
		};
		18DC9D4E22B0DE5C0039BDD8 /* Debug */ = {
			isa = XCBuildConfiguration;
			buildSettings = {
				ASSETCATALOG_COMPILER_APPICON_NAME = AppIcon;
				CODE_SIGN_STYLE = Automatic;
				DEVELOPMENT_TEAM = XN467W38GQ;
				INFOPLIST_FILE = "swift-struct-demo/Info.plist";
				LD_RUNPATH_SEARCH_PATHS = (
					"$(inherited)",
					"@executable_path/Frameworks",
				);
				PRODUCT_BUNDLE_IDENTIFIER = "com.wyy.scenario.swift-struct-demo";
				PRODUCT_NAME = "$(TARGET_NAME)";
				SWIFT_VERSION = 4.2;
				TARGETED_DEVICE_FAMILY = "1,2";
			};
			name = Debug;
		};
		18DC9D4F22B0DE5C0039BDD8 /* Release */ = {
			isa = XCBuildConfiguration;
			buildSettings = {
				ASSETCATALOG_COMPILER_APPICON_NAME = AppIcon;
				CODE_SIGN_STYLE = Automatic;
				DEVELOPMENT_TEAM = XN467W38GQ;
				INFOPLIST_FILE = "swift-struct-demo/Info.plist";
				LD_RUNPATH_SEARCH_PATHS = (
					"$(inherited)",
					"@executable_path/Frameworks",
				);
				PRODUCT_BUNDLE_IDENTIFIER = "com.wyy.scenario.swift-struct-demo";
				PRODUCT_NAME = "$(TARGET_NAME)";
				SWIFT_VERSION = 4.2;
				TARGETED_DEVICE_FAMILY = "1,2";
			};
			name = Release;
		};
		18DC9D5122B0DE5C0039BDD8 /* Debug */ = {
			isa = XCBuildConfiguration;
			buildSettings = {
				ALWAYS_EMBED_SWIFT_STANDARD_LIBRARIES = YES;
				BUNDLE_LOADER = "$(TEST_HOST)";
				CODE_SIGN_STYLE = Automatic;
				DEVELOPMENT_TEAM = XN467W38GQ;
				INFOPLIST_FILE = "swift-struct-demoTests/Info.plist";
				LD_RUNPATH_SEARCH_PATHS = (
					"$(inherited)",
					"@executable_path/Frameworks",
					"@loader_path/Frameworks",
				);
				PRODUCT_BUNDLE_IDENTIFIER = "com.wyy.scenario.swift-struct-demoTests";
				PRODUCT_NAME = "$(TARGET_NAME)";
				SWIFT_VERSION = 4.2;
				TARGETED_DEVICE_FAMILY = "1,2";
				TEST_HOST = "$(BUILT_PRODUCTS_DIR)/swift-struct-demo.app/swift-struct-demo";
			};
			name = Debug;
		};
		18DC9D5222B0DE5C0039BDD8 /* Release */ = {
			isa = XCBuildConfiguration;
			buildSettings = {
				ALWAYS_EMBED_SWIFT_STANDARD_LIBRARIES = YES;
				BUNDLE_LOADER = "$(TEST_HOST)";
				CODE_SIGN_STYLE = Automatic;
				DEVELOPMENT_TEAM = XN467W38GQ;
				INFOPLIST_FILE = "swift-struct-demoTests/Info.plist";
				LD_RUNPATH_SEARCH_PATHS = (
					"$(inherited)",
					"@executable_path/Frameworks",
					"@loader_path/Frameworks",
				);
				PRODUCT_BUNDLE_IDENTIFIER = "com.wyy.scenario.swift-struct-demoTests";
				PRODUCT_NAME = "$(TARGET_NAME)";
				SWIFT_VERSION = 4.2;
				TARGETED_DEVICE_FAMILY = "1,2";
				TEST_HOST = "$(BUILT_PRODUCTS_DIR)/swift-struct-demo.app/swift-struct-demo";
			};
			name = Release;
		};
		18DC9D5422B0DE5C0039BDD8 /* Debug */ = {
			isa = XCBuildConfiguration;
			buildSettings = {
				ALWAYS_EMBED_SWIFT_STANDARD_LIBRARIES = YES;
				CODE_SIGN_STYLE = Automatic;
				DEVELOPMENT_TEAM = XN467W38GQ;
				INFOPLIST_FILE = "swift-struct-demoUITests/Info.plist";
				LD_RUNPATH_SEARCH_PATHS = (
					"$(inherited)",
					"@executable_path/Frameworks",
					"@loader_path/Frameworks",
				);
				PRODUCT_BUNDLE_IDENTIFIER = "com.wyy.scenario.swift-struct-demoUITests";
				PRODUCT_NAME = "$(TARGET_NAME)";
				SWIFT_VERSION = 4.2;
				TARGETED_DEVICE_FAMILY = "1,2";
				TEST_TARGET_NAME = "swift-struct-demo";
			};
			name = Debug;
		};
		18DC9D5522B0DE5C0039BDD8 /* Release */ = {
			isa = XCBuildConfiguration;
			buildSettings = {
				ALWAYS_EMBED_SWIFT_STANDARD_LIBRARIES = YES;
				CODE_SIGN_STYLE = Automatic;
				DEVELOPMENT_TEAM = XN467W38GQ;
				INFOPLIST_FILE = "swift-struct-demoUITests/Info.plist";
				LD_RUNPATH_SEARCH_PATHS = (
					"$(inherited)",
					"@executable_path/Frameworks",
					"@loader_path/Frameworks",
				);
				PRODUCT_BUNDLE_IDENTIFIER = "com.wyy.scenario.swift-struct-demoUITests";
				PRODUCT_NAME = "$(TARGET_NAME)";
				SWIFT_VERSION = 4.2;
				TARGETED_DEVICE_FAMILY = "1,2";
				TEST_TARGET_NAME = "swift-struct-demo";
			};
			name = Release;
		};
/* End XCBuildConfiguration section */

/* Begin XCConfigurationList section */
		18DC9D2022B0DE5A0039BDD8 /* Build configuration list for PBXProject "swift-struct-demo" */ = {
			isa = XCConfigurationList;
			buildConfigurations = (
				18DC9D4B22B0DE5C0039BDD8 /* Debug */,
				18DC9D4C22B0DE5C0039BDD8 /* Release */,
			);
			defaultConfigurationIsVisible = 0;
			defaultConfigurationName = Release;
		};
		18DC9D4D22B0DE5C0039BDD8 /* Build configuration list for PBXNativeTarget "swift-struct-demo" */ = {
			isa = XCConfigurationList;
			buildConfigurations = (
				18DC9D4E22B0DE5C0039BDD8 /* Debug */,
				18DC9D4F22B0DE5C0039BDD8 /* Release */,
			);
			defaultConfigurationIsVisible = 0;
			defaultConfigurationName = Release;
		};
		18DC9D5022B0DE5C0039BDD8 /* Build configuration list for PBXNativeTarget "swift-struct-demoTests" */ = {
			isa = XCConfigurationList;
			buildConfigurations = (
				18DC9D5122B0DE5C0039BDD8 /* Debug */,
				18DC9D5222B0DE5C0039BDD8 /* Release */,
			);
			defaultConfigurationIsVisible = 0;
			defaultConfigurationName = Release;
		};
		18DC9D5322B0DE5C0039BDD8 /* Build configuration list for PBXNativeTarget "swift-struct-demoUITests" */ = {
			isa = XCConfigurationList;
			buildConfigurations = (
				18DC9D5422B0DE5C0039BDD8 /* Debug */,
				18DC9D5522B0DE5C0039BDD8 /* Release */,
			);
			defaultConfigurationIsVisible = 0;
			defaultConfigurationName = Release;
		};
/* End XCConfigurationList section */
	};
	rootObject = 18DC9D1D22B0DE5A0039BDD8 /* Project object */;
}
